schema: '2.0'
stages:
  gamelog_data_acquisition:
    cmd: python3 -m src.exctract.gamelog_data_acquisition --config=params.yaml
    deps:
    - path: src/exctract/gamelog_data_acquisition.py
      hash: md5
      md5: 5de16521cd47e29f4711f5c5bdb65e6e
      size: 1921
    params:
      params.yaml:
        base:
          log_level: INFO
        gamelog_data_acquisition:
          season: 2010
          team: all
          data_type: gamelog
          output_folder: pipeline_output/gamelog
  schedule_data_acquisition:
    cmd: python3 -m src.exctract.schedule_data_acquisition --config=params.yaml
    deps:
    - path: src/exctract/schedule_data_acquisition.py
      hash: md5
      md5: 32e769b8f4ebd6d1a8f761364035c739
      size: 1934
    params:
      params.yaml:
        base:
          log_level: INFO
        schedule_data_acquisition:
          season: 2010
          team: all
          data_type: schedule
          output_folder: pipeline_output/schedule
  player_attributes_data_acquisition:
    cmd: python3 -m src.exctract.player_attributes_data_acquisition --config=params.yaml
    deps:
    - path: src/exctract/player_attributes_data_acquisition.py
      hash: md5
      md5: ed2942ad0b4297e24c26f326720eff4a
      size: 2051
    params:
      params.yaml:
        base:
          log_level: INFO
        player_attributes_data_acquisition:
          season: 2024
          team: all
          data_type: player_attributes
          output_folder: pipeline_output/player_attributes
  player_salary_data_acquisition:
    cmd: python3 -m src.exctract.player_salary_data_acquisition --config=params.yaml
    deps:
    - path: src/exctract/player_salary_data_acquisition.py
      hash: md5
      md5: 0b766b33e3db73b61884252e9df77417
      size: 4422
    params:
      params.yaml:
        base:
          log_level: INFO
        player_salary_data_acquisition:
          season: 2024
          data_type: player_salary
          output_folder: pipeline_output/player_salary
  gamelog_schedule_unification:
    cmd: python3 -m src.transform.gamelog_schedule_unification --config=params.yaml
    deps:
    - path: src/transform/gamelog_schedule_unification.py
      hash: md5
      md5: 550c620fa6c3f1f88d2ee12387d881aa
      size: 2363
    params:
      params.yaml:
        base:
          log_level: INFO
        gamelog_schedule_unification:
          data_path: pipeline_output/final/
          file_name: nba_games_training_dataset
  player_attributes_salaries_unification:
    cmd: python3 -m src.transform.player_attributes_salaries_unification --config=params.yaml
    deps:
    - path: src/transform/player_attributes_salaries_unification.py
      hash: md5
      md5: db69057207ecb219595a685e13478e4f
      size: 4653
    params:
      params.yaml:
        base:
          log_level: INFO
        player_attributes_salaries_unification:
          data_path: pipeline_output/final/
          file_name: player_attributes_salaries_dataset
  get_training_dataset:
    cmd: python3 -m src.get_training_dataset --config=params.yaml
    deps:
    - path: src/get_training_dataset.py
      hash: md5
      md5: 62139d96ad7bcd0598f7198f46fe7194
      size: 1985
    params:
      params.yaml:
        base:
          log_level: INFO
          random_state: 42
        get_training_dataset:
          training_dataset: data/input/nba_training_dataset.csv
    outs:
    - path: ./data/input/nba_training_dataset.csv
      hash: md5
      md5: b05f024b9716111290bbc2f45bce8092
      size: 13050998
  pre_cleaning_dataset:
    cmd: python3 -m src.pre_cleaning_dataset --config=params.yaml
    deps:
    - path: ./data/input/nba_games_training_dataset.csv
      hash: md5
      md5: d867af8791f48c884dd6cae884f7962b
      size: 6680883
    - path: src/pre_cleaning_dataset.py
      hash: md5
      md5: 2e7c45d0deae5e635c141028c87f5aef
      size: 2187
    params:
      params.yaml:
        base:
          log_level: INFO
        get_training_dataset:
          nba_games_training_dataset: nba_games_training_dataset
          player_attributes_salaries_dataset: player_attributes_salaries_dataset
    outs:
    - path: ./data/processed/nba_games_training_dataset_pre_cleaned.csv
      hash: md5
      md5: 058b9a51d277fbad55a0b4cbeedcc839
      size: 2559722
  previous_games_average_features:
    cmd: python3 -m src.previous_games_average_features --config=params.yaml
    deps:
    - path: src/previous_games_average_features.py
      hash: md5
      md5: b5d2a97c8939937949b5e36d36d2e23a
      size: 3901
    params:
      params.yaml:
        base:
          log_level: INFO
        get_training_dataset:
          nba_games_training_dataset: nba_games_training_dataset
          player_attributes_salaries_dataset: player_attributes_salaries_dataset
    outs:
    - path: ./data/processed/nba_games_training_dataset_previous_games_features.csv
      hash: md5
      md5: 8cf557557a1af1b8c7988dc3b6eb6620
      size: 57972848
  elo_features:
    cmd: python3 -m src.elo_features --config=params.yaml
    deps:
    - path: src/elo_features.py
      hash: md5
      md5: 06b6fce8f72f1408d03de4076ea0ed93
      size: 8603
    params:
      params.yaml:
        base:
          log_level: INFO
        get_training_dataset:
          nba_games_training_dataset: nba_games_training_dataset
          player_attributes_salaries_dataset: player_attributes_salaries_dataset
    outs:
    - path: ./data/processed/nba_games_training_dataset_elo_features.csv
      hash: md5
      md5: cf59aeb8577a6b3145e5b1955e3300ce
      size: 116550825
  previous_games_ratio_average_features:
    cmd: python3 -m src.previous_games_ratio_average_features --config=params.yaml
    deps:
    - path: src/previous_games_ratio_average_features.py
      hash: md5
      md5: 81b2a5ee62be721fd4fd6ffca1728ada
      size: 3838
    params:
      params.yaml:
        base:
          log_level: INFO
        get_training_dataset:
          nba_games_training_dataset: nba_games_training_dataset
          player_attributes_salaries_dataset: player_attributes_salaries_dataset
  features_engineering_pipeline:
    cmd: python3 -m src.features_engineering --config=params.yaml
    deps:
    - path: ./data/processed/nba_games_training_dataset_pre_cleaned.csv
      hash: md5
      md5: 058b9a51d277fbad55a0b4cbeedcc839
      size: 2559722
    - path: src/features_engineering.py
      hash: md5
      md5: 356289c6c91ddd18476197a3bd4211b2
      size: 3853
    params:
      params.yaml:
        base:
          log_level: INFO
        get_training_dataset:
          nba_games_training_dataset: nba_games_training_dataset
          player_attributes_salaries_dataset: player_attributes_salaries_dataset
    outs:
    - path: ./data/processed/nba_games_training_dataset_cleaned_w_features.csv
      hash: md5
      md5: 35db2fc8a5e8c0b43dc34609a0e55898
      size: 13684344
  get_y_variables:
    cmd: python3 -m src.get_y_variables --config=params.yaml
    deps:
    - path: ./data/processed/nba_games_training_dataset_cleaned_w_features.csv
      hash: md5
      md5: 35db2fc8a5e8c0b43dc34609a0e55898
      size: 13684344
    - path: src/get_y_variables.py
      hash: md5
      md5: 047af8ec7baaae1fb4d25a13951d54e7
      size: 4148
    params:
      params.yaml:
        base:
          log_level: INFO
        get_training_dataset:
          nba_games_training_dataset: nba_games_training_dataset
          player_attributes_salaries_dataset: player_attributes_salaries_dataset
    outs:
    - path: ./data/processed/nba_games_training_dataset_final.csv
      hash: md5
      md5: f3628c981082460b20c1cfb06eef601b
      size: 13944303
  load_training_dataset_to_db:
    cmd: python3 -m src.load_training_dataset_to_db --config=params.yaml
    deps:
    - path: ./data/output/nba_games_training_dataset_final_post_cleaned.csv
      hash: md5
      md5: 4daa6a38fea319b50ed931e83c5ac4c5
      size: 12380255
    - path: src/load_training_dataset_to_db.py
      hash: md5
      md5: 21f46fa93616623730ee89d7f6b06ca5
      size: 2606
    params:
      params.yaml:
        base:
          log_level: INFO
        get_training_dataset:
          nba_games_training_dataset: nba_games_training_dataset
          player_attributes_salaries_dataset: player_attributes_salaries_dataset
  post_cleaning_dataset:
    cmd: python3 -m src.post_cleaning_dataset --config=params.yaml
    deps:
    - path: ./data/processed/nba_games_training_dataset_final.csv
      hash: md5
      md5: f3628c981082460b20c1cfb06eef601b
      size: 13944303
    - path: src/post_cleaning_dataset.py
      hash: md5
      md5: da290cd307ae5d8aa1883bc99960bea6
      size: 1842
    params:
      params.yaml:
        base:
          log_level: INFO
        get_training_dataset:
          nba_games_training_dataset: nba_games_training_dataset
          player_attributes_salaries_dataset: player_attributes_salaries_dataset
    outs:
    - path: ./data/output/nba_games_training_dataset_final_post_cleaned.csv
      hash: md5
      md5: 4daa6a38fea319b50ed931e83c5ac4c5
      size: 12380255
  training_dataset_assessment:
    cmd: python3 -m src.training_dataset_assessment --config=params.yaml
    deps:
    - path: ./data/output/nba_games_training_dataset_final_post_cleaned.csv
      hash: md5
      md5: 4daa6a38fea319b50ed931e83c5ac4c5
      size: 12380255
    - path: src/training_dataset_assessment.py
      hash: md5
      md5: abb98e97971c39c668e37ba8fd8707f8
      size: 38817
    params:
      params.yaml:
        base:
          log_level: INFO
        get_training_dataset:
          nba_games_training_dataset: nba_games_training_dataset
          player_attributes_salaries_dataset: player_attributes_salaries_dataset
  data_split:
    cmd: python -m src.data_split --config=params.yaml
    deps:
    - path: ./data/processed/nba_training_dataset_processed.csv
      hash: md5
      md5: 91e24c89ad0d09178c4b573bb9878f61
      size: 12097182
    - path: src/data_split.py
      hash: md5
      md5: 8a1049c6882c67d513761fe33caa3349
      size: 2009
    params:
      params.yaml:
        base:
          log_level: INFO
          random_state: 42
        data_split:
          split_ratio: 0.33
          group_cv_variable: id
        get_training_dataset:
          training_dataset: data/input/nba_training_dataset.csv
    outs:
    - path: ./data/processed/test_dataset.csv
      hash: md5
      md5: 00d4172767ebf694326577838a50fa0d
      size: 3997333
    - path: ./data/processed/train_dataset.csv
      hash: md5
      md5: 813e23614b3d6a9519470b26e3bc21b8
      size: 8101111
  dummy_and_baseline_classifier:
    cmd: python -m src.dummy_and_baseline_classifier --config=params.yaml
    deps:
    - path: ./data/processed/test_dataset.csv
      hash: md5
      md5: 00d4172767ebf694326577838a50fa0d
      size: 3997333
    - path: ./data/processed/train_dataset.csv
      hash: md5
      md5: 813e23614b3d6a9519470b26e3bc21b8
      size: 8101111
    - path: src/dummy_and_baseline_classifier.py
      hash: md5
      md5: 8eae114aaead7ceda98685135267e9ef
      size: 3916
    params:
      params.yaml:
        base:
          log_level: INFO
          random_state: 42
        data_split:
          split_ratio: 0.33
          group_cv_variable: id
        dummy_classifier:
          target_variable: results
        get_training_dataset:
          training_dataset: data/input/nba_training_dataset.csv
    outs:
    - path: ./data/reports/baseline_classifier_metrics.json
      hash: md5
      md5: c2f3d2d4bae33f7310bdd42e0236b3bf
      size: 135
  initial_multiple_models_training:
    cmd: python -m src.initial_multiple_models_training --config=params.yaml
    deps:
    - path: ./data/processed/test_dataset_fs.csv
      hash: md5
      md5: cb26530f3b4c6098658d5700efd7f55a
      size: 745071
    - path: ./data/processed/train_dataset_fs.csv
      hash: md5
      md5: 3776d5a72fa8cc822fef93a1e9f11457
      size: 1511365
    - path: src/initial_multiple_models_training.py
      hash: md5
      md5: f64f985d25f69b2539178dc798edb6fb
      size: 3734
    params:
      params.yaml:
        base:
          log_level: INFO
          random_state: 42
        data_split:
          split_ratio: 0.33
          group_cv_variable: id
        initial_multiple_models_training:
          random_state: 21
          cross_validation_n_splits: 5
    outs:
    - path: data/processed/top_3_models.csv
      hash: md5
      md5: 3cc802535fcbfba70c2682cc80b93a13
      size: 67
  train:
    cmd: python -m src.train --config=params.yaml
    deps:
    - path: ./data/processed/test_dataset_fs.csv
      hash: md5
      md5: cb26530f3b4c6098658d5700efd7f55a
      size: 745071
    - path: ./data/processed/train_dataset_fs.csv
      hash: md5
      md5: 3776d5a72fa8cc822fef93a1e9f11457
      size: 1511365
    - path: src/train.py
      hash: md5
      md5: 3a37861b9a01305226048afa02511fcf
      size: 3146
    - path: src/training/train_cross_val.py
      hash: md5
      md5: a4040aa55227fb0decb23b4cb49e531d
      size: 4334
    params:
      params.yaml:
        base:
          log_level: INFO
          random_state: 42
        data_split:
          split_ratio: 0.33
          group_cv_variable: id
        initial_multiple_models_training:
          random_state: 21
          cross_validation_n_splits: 5
        train:
          top_3_models: data/processed/top_3_models.csv
          model_name: Extreme Gradient Boosting
          cross_validation_n_splits: 5
          scoring_metric: accuracy
          param_grid:
            max_depth: 5
            n_estimators: 750
            learning_rate: 0.01
    outs:
    - path: ./models/cross_val_pred.csv
      hash: md5
      md5: 7e18df4966b561c66a606d6eee7bb82d
      size: 1248733
    - path: ./models/cross_val_score.csv
      hash: md5
      md5: 60238d9de9b4eb5322290649170bbdab
      size: 4466
    - path: ./models/model.joblib
      hash: md5
      md5: f1ce4b5eb119db8357c435e641c85c81
      size: 2034074
  feature_selection:
    cmd: python -m src.feature_selection --config=params.yaml
    deps:
    - path: ./data/processed/test_dataset.csv
      hash: md5
      md5: 00d4172767ebf694326577838a50fa0d
      size: 3997333
    - path: ./data/processed/train_dataset.csv
      hash: md5
      md5: 813e23614b3d6a9519470b26e3bc21b8
      size: 8101111
    - path: src/feature_selection.py
      hash: md5
      md5: 02ff34bc4140890fa4c17947a83ecf2c
      size: 5162
    params:
      params.yaml:
        base:
          log_level: INFO
          random_state: 42
        data_split:
          split_ratio: 0.33
          group_cv_variable: id
        dummy_classifier:
          target_variable: results
        feature_selection:
          method: automatic
          list_nb_feature_to_select: 2/3/4
          rfe_step: 5
          cross_validation_n_splits: 3
          random_state: 21
          features_to_force:
          list_manual_features_to_select:
          - game_nb
          - before_average_W_ratio
          - before_average_W_ratio_opp
          - extdom_ext
        get_training_dataset:
          training_dataset: data/input/nba_training_dataset.csv
    outs:
    - path: ./data/processed/columns_selected.csv
      hash: md5
      md5: 3740f185ff812b68fcba1a3dd74d89e5
      size: 70
    - path: ./data/processed/test_dataset_fs.csv
      hash: md5
      md5: cb26530f3b4c6098658d5700efd7f55a
      size: 745071
    - path: ./data/processed/train_dataset_fs.csv
      hash: md5
      md5: 3776d5a72fa8cc822fef93a1e9f11457
      size: 1511365
  evaluate:
    cmd: python3 -m src.evaluate --config=params.yaml
    deps:
    - path: ./data/reports/baseline_classifier_metrics.json
      hash: md5
      md5: c2f3d2d4bae33f7310bdd42e0236b3bf
      size: 135
    - path: ./models/cross_val_score.csv
      hash: md5
      md5: 60238d9de9b4eb5322290649170bbdab
      size: 4466
    - path: src/evaluate.py
      hash: md5
      md5: 08e38819883fd980aef786f335b90ec4
      size: 9271
    params:
      params.yaml:
        base:
          log_level: INFO
          random_state: 42
        data_split:
          split_ratio: 0.33
          group_cv_variable: id
        evaluate:
          metrics_path: data/reports/metrics.json
          shap_beeswarm_image: shap_beeswarm.png
          shap_plot_bar_image: shap_plot_bar.png
        train:
          top_3_models: data/processed/top_3_models.csv
          model_name: Extreme Gradient Boosting
          cross_validation_n_splits: 5
          scoring_metric: accuracy
          param_grid:
            max_depth: 5
            n_estimators: 750
            learning_rate: 0.01
    outs:
    - path: ./models/test_df_w_pred.csv
      hash: md5
      md5: d62287922b25b3687e7ceefcd4269e72
      size: 615184
    - path: data/reports/ConfusionMatrix.png
      hash: md5
      md5: 41bb3d04b733f782c21f0183a3b2cc4d
      size: 17059
    - path: data/reports/bar_plot_data.csv
      hash: md5
      md5: dbced15de0e1f31c0a75b42e7110bc08
      size: 128
    - path: data/reports/metrics.json
      hash: md5
      md5: 8050992b095ebb92dab5b02395c36b47
      size: 292
    - path: data/reports/shap_beeswarm.png
      hash: md5
      md5: ab3c07db11144c8fb34772734d29a39c
      size: 58276
    - path: data/reports/shap_plot_bar.png
      hash: md5
      md5: 52e1ebde585494db0446960256d025c9
      size: 21597
  data_process:
    cmd: python -m src.data_process --config=params.yaml
    deps:
    - path: ./data/input/nba_training_dataset.csv
      hash: md5
      md5: b05f024b9716111290bbc2f45bce8092
      size: 13050998
    - path: src/data_process.py
      hash: md5
      md5: 5bc7256a4f222602f468ca224cd861f4
      size: 1141
    params:
      params.yaml:
        base:
          log_level: INFO
          random_state: 42
        data_process:
          training_dataset_processed: data/processed/nba_training_dataset_processed.csv
          list_column_to_drop:
          - extdom
          - week_weekend
          - last_game_overtime
          - tm_opp
          - opp_opp
          - pts_tm
          - pts_opp
        get_training_dataset:
          training_dataset: data/input/nba_training_dataset.csv
    outs:
    - path: ./data/processed/nba_training_dataset_processed.csv
      hash: md5
      md5: 91e24c89ad0d09178c4b573bb9878f61
      size: 12097182
